
Microsoft Visual Studio Solution File, Format Version 12.00
Project("{FAE04EC0-301F-11D3-BF4B-00C04F79EFBC}") = "blazorbcamp.bo", "blazorbcamp.bo\blazorbcamp.bo.csproj", "{BE182075-C662-4E1F-897D-D331A8E14BFA}"
EndProject
Project("{FAE04EC0-301F-11D3-BF4B-00C04F79EFBC}") = "blazorbcamp.fe", "blazorbcamp.fe\blazorbcamp.fe.csproj", "{D28BA4D0-F967-4256-99DB-3540A10E3B97}"
EndProject
Project("{FAE04EC0-301F-11D3-BF4B-00C04F79EFBC}") = "blazorbcamp.models", "blazorbcamp.models\blazorbcamp.models.csproj", "{05873BBA-5A5D-4699-BE51-8BD8D54F68DB}"
EndProject
Global
	GlobalSection(SolutionConfigurationPlatforms) = preSolution
		Debug|Any CPU = Debug|Any CPU
		Release|Any CPU = Release|Any CPU
	EndGlobalSection
	GlobalSection(ProjectConfigurationPlatforms) = postSolution
		{BE182075-C662-4E1F-897D-D331A8E14BFA}.Debug|Any CPU.ActiveCfg = Debug|Any CPU
		{BE182075-C662-4E1F-897D-D331A8E14BFA}.Debug|Any CPU.Build.0 = Debug|Any CPU
		{BE182075-C662-4E1F-897D-D331A8E14BFA}.Release|Any CPU.ActiveCfg = Release|Any CPU
		{BE182075-C662-4E1F-897D-D331A8E14BFA}.Release|Any CPU.Build.0 = Release|Any CPU
		{D28BA4D0-F967-4256-99DB-3540A10E3B97}.Debug|Any CPU.ActiveCfg = Debug|Any CPU
		{D28BA4D0-F967-4256-99DB-3540A10E3B97}.Debug|Any CPU.Build.0 = Debug|Any CPU
		{D28BA4D0-F967-4256-99DB-3540A10E3B97}.Release|Any CPU.ActiveCfg = Release|Any CPU
		{D28BA4D0-F967-4256-99DB-3540A10E3B97}.Release|Any CPU.Build.0 = Release|Any CPU
		{05873BBA-5A5D-4699-BE51-8BD8D54F68DB}.Debug|Any CPU.ActiveCfg = Debug|Any CPU
		{05873BBA-5A5D-4699-BE51-8BD8D54F68DB}.Debug|Any CPU.Build.0 = Debug|Any CPU
		{05873BBA-5A5D-4699-BE51-8BD8D54F68DB}.Release|Any CPU.ActiveCfg = Release|Any CPU
		{05873BBA-5A5D-4699-BE51-8BD8D54F68DB}.Release|Any CPU.Build.0 = Release|Any CPU
	EndGlobalSection
EndGlobal
